
Microsoft Visual Studio Solution File, Format Version 12.00
# Visual Studio 15
VisualStudioVersion = 15.0.28010.2036
MinimumVisualStudioVersion = 10.0.40219.1
Project("{2150E333-8FDC-42A3-9474-1A3956D46DE8}") = "src", "src", "{8BC1F4A8-D965-43D2-AB54-3A2892692B03}"
EndProject
Project("{2150E333-8FDC-42A3-9474-1A3956D46DE8}") = "Solution Items", "Solution Items", "{3DC9AFE4-1782-4317-A399-5CB9F103DD38}"
	ProjectSection(SolutionItems) = preProject
		global.json = global.json
	EndProjectSection
EndProject
Project("{9A19103F-16F7-4668-BE54-9A1E7A4F7556}") = "TodoApi", "src\TodoApi\TodoApi.csproj", "{76899B85-9C31-4457-BA98-462AED9AC240}"
EndProject
Project("{9A19103F-16F7-4668-BE54-9A1E7A4F7556}") = "todoApi.Test", "src\todoApi.Test\todoApi.Test.csproj", "{3B790497-3A00-4049-A2FE-7020A0464991}"
EndProject
Global
	GlobalSection(SolutionConfigurationPlatforms) = preSolution
		Debug|Any CPU = Debug|Any CPU
		Release|Any CPU = Release|Any CPU
	EndGlobalSection
	GlobalSection(ProjectConfigurationPlatforms) = postSolution
		{76899B85-9C31-4457-BA98-462AED9AC240}.Debug|Any CPU.ActiveCfg = Debug|Any CPU
		{76899B85-9C31-4457-BA98-462AED9AC240}.Debug|Any CPU.Build.0 = Debug|Any CPU
		{76899B85-9C31-4457-BA98-462AED9AC240}.Release|Any CPU.ActiveCfg = Release|Any CPU
		{76899B85-9C31-4457-BA98-462AED9AC240}.Release|Any CPU.Build.0 = Release|Any CPU
		{3B790497-3A00-4049-A2FE-7020A0464991}.Debug|Any CPU.ActiveCfg = Debug|Any CPU
		{3B790497-3A00-4049-A2FE-7020A0464991}.Debug|Any CPU.Build.0 = Debug|Any CPU
		{3B790497-3A00-4049-A2FE-7020A0464991}.Release|Any CPU.ActiveCfg = Release|Any CPU
		{3B790497-3A00-4049-A2FE-7020A0464991}.Release|Any CPU.Build.0 = Release|Any CPU
	EndGlobalSection
	GlobalSection(SolutionProperties) = preSolution
		HideSolutionNode = FALSE
	EndGlobalSection
	GlobalSection(NestedProjects) = preSolution
		{76899B85-9C31-4457-BA98-462AED9AC240} = {8BC1F4A8-D965-43D2-AB54-3A2892692B03}
		{3B790497-3A00-4049-A2FE-7020A0464991} = {8BC1F4A8-D965-43D2-AB54-3A2892692B03}
	EndGlobalSection
	GlobalSection(ExtensibilityGlobals) = postSolution
		SolutionGuid = {371C8B1D-605A-4375-AAAB-55C728CC1361}
	EndGlobalSection
EndGlobal
